
Microsoft Visual Studio Solution File, Format Version 12.00
# Visual Studio Version 16
VisualStudioVersion = 16.0.29613.14
MinimumVisualStudioVersion = 10.0.40219.1
Project("{FAE04EC0-301F-11D3-BF4B-00C04F79EFBC}") = "ConsoleApp1", "ConsoleApp1\ConsoleApp1.csproj", "{92DF877B-1DAA-4697-962F-EB2C63A571E5}"
EndProject
Project("{FAE04EC0-301F-11D3-BF4B-00C04F79EFBC}") = "ClassiDellaLampadina", "ClassiDellaLampadina\ClassiDellaLampadina.csproj", "{9293B594-74D9-4A76-99A2-F7D09A997051}"
EndProject
Global
	GlobalSection(SolutionConfigurationPlatforms) = preSolution
		Debug|Any CPU = Debug|Any CPU
		Release|Any CPU = Release|Any CPU
	EndGlobalSection
	GlobalSection(ProjectConfigurationPlatforms) = postSolution
		{92DF877B-1DAA-4697-962F-EB2C63A571E5}.Debug|Any CPU.ActiveCfg = Debug|Any CPU
		{92DF877B-1DAA-4697-962F-EB2C63A571E5}.Debug|Any CPU.Build.0 = Debug|Any CPU
		{92DF877B-1DAA-4697-962F-EB2C63A571E5}.Release|Any CPU.ActiveCfg = Release|Any CPU
		{92DF877B-1DAA-4697-962F-EB2C63A571E5}.Release|Any CPU.Build.0 = Release|Any CPU
		{9293B594-74D9-4A76-99A2-F7D09A997051}.Debug|Any CPU.ActiveCfg = Debug|Any CPU
		{9293B594-74D9-4A76-99A2-F7D09A997051}.Debug|Any CPU.Build.0 = Debug|Any CPU
		{9293B594-74D9-4A76-99A2-F7D09A997051}.Release|Any CPU.ActiveCfg = Release|Any CPU
		{9293B594-74D9-4A76-99A2-F7D09A997051}.Release|Any CPU.Build.0 = Release|Any CPU
	EndGlobalSection
	GlobalSection(SolutionProperties) = preSolution
		HideSolutionNode = FALSE
	EndGlobalSection
	GlobalSection(ExtensibilityGlobals) = postSolution
		SolutionGuid = {C2EE5D1B-4BD7-4F6C-9FAD-71E62B88091D}
	EndGlobalSection
EndGlobal
